<?xml version="1.0" encoding="utf-8"?>
<Project ToolsVersion="4.0" xmlns="http://schemas.microsoft.com/developer/msbuild/2003">
  <ItemGroup>
    <ClCompile Include="GL\glLoader.c" />
    <ClCompile Include="GL\LoadShaders.cpp" />
    <ClCompile Include="main.cpp" />
    <ClCompile Include="WinApi\OGLWindow.cpp" />
    <ClCompile Include="WinApi\WinParent.cpp" />
    <ClCompile Include="Examples\Ex01.cpp">
      <Filter>Examples</Filter>
    </ClCompile>
    <ClCompile Include="Examples\Ex02_04.cpp">
      <Filter>Examples</Filter>
    </ClCompile>
    <ClCompile Include="Examples\Ex03_01.cpp">
      <Filter>Examples</Filter>
    </ClCompile>
    <ClCompile Include="Examples\Ex03_05.cpp">
      <Filter>Examples</Filter>
    </ClCompile>
    <ClCompile Include="Examples\Ex03_07.cpp">
      <Filter>Examples</Filter>
    </ClCompile>
    <ClCompile Include="Examples\Ex03_10.cpp">
      <Filter>Examples</Filter>
    </ClCompile>
    <ClCompile Include="Examples\Ex03_11.cpp">
      <Filter>Examples</Filter>
    </ClCompile>
    <ClCompile Include="Examples\Ex03_14.cpp">
      <Filter>Examples</Filter>
    </ClCompile>
    <ClCompile Include="Examples\Ex03_02.cpp">
      <Filter>Examples</Filter>
    </ClCompile>
    <ClCompile Include="Examples\Ex04_01.cpp">
      <Filter>Examples</Filter>
    </ClCompile>
    <ClCompile Include="Examples\Ex04_02.cpp">
      <Filter>Examples</Filter>
    </ClCompile>
    <ClCompile Include="Examples\Ex05_09.cpp">
      <Filter>Examples</Filter>
    </ClCompile>
    <ClCompile Include="Examples\Ex06_04.cpp">
      <Filter>Examples</Filter>
    </ClCompile>
    <ClCompile Include="Examples\Ex06_02.cpp">
      <Filter>Examples</Filter>
    </ClCompile>
    <ClCompile Include="Examples\Ex06_03.cpp">
      <Filter>Examples</Filter>
    </ClCompile>
    <ClCompile Include="Auxiliary\libtarga.cpp">
      <Filter>Auxiliary</Filter>
    </ClCompile>
    <ClCompile Include="Auxiliary\vbm.cpp">
      <Filter>Auxiliary</Filter>
    </ClCompile>
    <ClCompile Include="Auxiliary\loadtexture.cpp">
      <Filter>Auxiliary</Filter>
    </ClCompile>
    <ClCompile Include="Auxiliary\vdds.cpp">
      <Filter>Auxiliary</Filter>
    </ClCompile>
    <ClCompile Include="Examples\Ex06_10.cpp">
      <Filter>Examples</Filter>
    </ClCompile>
    <ClCompile Include="Examples\Ex06_14.cpp">
      <Filter>Examples</Filter>
    </ClCompile>
    <ClCompile Include="Examples\Ex06_16.cpp">
      <Filter>Examples</Filter>
    </ClCompile>
    <ClCompile Include="Examples\Ex06_mip_filters.cpp">
      <Filter>Examples</Filter>
    </ClCompile>
    <ClCompile Include="Examples\Ex06_18.cpp">
      <Filter>Examples</Filter>
    </ClCompile>
    <ClCompile Include="Examples\Ex06_mipmap.cpp">
      <Filter>Examples</Filter>
    </ClCompile>
    <ClCompile Include="Examples\Ex06_29.cpp">
      <Filter>Examples</Filter>
    </ClCompile>
    <ClCompile Include="Examples\Ex06_30.cpp">
      <Filter>Examples</Filter>
    </ClCompile>
    <ClCompile Include="Examples\Ex07_01.cpp">
      <Filter>Examples</Filter>
    </ClCompile>
    <ClCompile Include="Examples\Ex07_02.cpp">
      <Filter>Examples</Filter>
    </ClCompile>
    <ClCompile Include="Examples\Ex07_03.cpp">
      <Filter>Examples</Filter>
    </ClCompile>
    <ClCompile Include="Examples\ExTest.cpp">
      <Filter>Examples</Filter>
    </ClCompile>
    <ClCompile Include="Examples\Ex07_04.cpp">
      <Filter>Examples</Filter>
    </ClCompile>
    <ClCompile Include="Examples\Ex07_05.cpp">
      <Filter>Examples</Filter>
    </ClCompile>
    <ClCompile Include="Examples\Ex07_06.cpp">
      <Filter>Examples</Filter>
    </ClCompile>
    <ClCompile Include="Examples\Ex07_08.cpp">
      <Filter>Examples</Filter>
    </ClCompile>
    <ClCompile Include="Examples\Ex07_15.cpp">
      <Filter>Examples</Filter>
    </ClCompile>
    <ClCompile Include="Examples\Ex08_01.cpp">
      <Filter>Examples</Filter>
    </ClCompile>
    <ClCompile Include="Examples\Ex08_03.cpp">
      <Filter>Examples</Filter>
    </ClCompile>
    <ClCompile Include="Examples\Ex08_07.cpp">
      <Filter>Examples</Filter>
    </ClCompile>
    <ClCompile Include="Examples\Ex08_08.cpp">
      <Filter>Examples</Filter>
    </ClCompile>
    <ClCompile Include="Examples\Ex08_09.cpp">
      <Filter>Examples</Filter>
    </ClCompile>
    <ClCompile Include="Examples\Ex08_11.cpp">
      <Filter>Examples</Filter>
    </ClCompile>
    <ClCompile Include="Examples\Ex08_12.cpp">
      <Filter>Examples</Filter>
    </ClCompile>
    <ClCompile Include="Examples\Ex08_13.cpp">
      <Filter>Examples</Filter>
    </ClCompile>
    <ClCompile Include="Examples\Ex08_16.cpp">
      <Filter>Examples</Filter>
    </ClCompile>
    <ClCompile Include="Examples\Ex08_18.cpp">
      <Filter>Examples</Filter>
    </ClCompile>
    <ClCompile Include="Examples\Ex08_19.cpp">
      <Filter>Examples</Filter>
    </ClCompile>
    <ClCompile Include="Examples\Ex08_20.cpp">
      <Filter>Examples</Filter>
    </ClCompile>
    <ClCompile Include="Examples\Ex08_21.cpp">
      <Filter>Examples</Filter>
    </ClCompile>
    <ClCompile Include="Examples\Ex09_06.cpp">
      <Filter>Examples</Filter>
    </ClCompile>
    <ClCompile Include="Examples\Ex09_08.cpp">
      <Filter>Examples</Filter>
    </ClCompile>
    <ClCompile Include="Examples\Ex10_07.cpp">
      <Filter>Examples</Filter>
    </ClCompile>
    <ClCompile Include="Examples\Ex07_lights.cpp">
      <Filter>Examples</Filter>
    </ClCompile>
    <ClCompile Include="Examples\Ex10_15.cpp">
      <Filter>Examples</Filter>
    </ClCompile>
    <ClCompile Include="Examples\Ex10_21.cpp">
      <Filter>Examples</Filter>
    </ClCompile>
    <ClCompile Include="Examples\Ex11_04.cpp">
      <Filter>Examples</Filter>
    </ClCompile>
    <ClCompile Include="Examples\Ex11_29.cpp">
      <Filter>Examples</Filter>
    </ClCompile>
    <ClCompile Include="Examples\Ex11_21.cpp">
      <Filter>Examples</Filter>
    </ClCompile>
  </ItemGroup>
  <ItemGroup>
    <ClInclude Include="GL\glcorearb.h" />
    <ClInclude Include="GL\glLoader.h" />
    <ClInclude Include="GL\LoadShaders.h" />
    <ClInclude Include="WinApi\OGLWindow.h" />
    <ClInclude Include="WinApi\WinParent.h" />
    <ClInclude Include="Examples\Ex01.h">
      <Filter>Examples</Filter>
    </ClInclude>
    <ClInclude Include="Examples\Ex02_04.h">
      <Filter>Examples</Filter>
    </ClInclude>
    <ClInclude Include="Examples\Ex03_01.h">
      <Filter>Examples</Filter>
    </ClInclude>
    <ClInclude Include="Examples\Ex03_05.h">
      <Filter>Examples</Filter>
    </ClInclude>
    <ClInclude Include="Examples\Ex03_07.h">
      <Filter>Examples</Filter>
    </ClInclude>
    <ClInclude Include="Examples\Ex03_10.h">
      <Filter>Examples</Filter>
    </ClInclude>
    <ClInclude Include="Examples\Ex03_11.h">
      <Filter>Examples</Filter>
    </ClInclude>
    <ClInclude Include="Examples\Ex03_14.h">
      <Filter>Examples</Filter>
    </ClInclude>
    <ClInclude Include="Examples\Ex03_02.h">
      <Filter>Examples</Filter>
    </ClInclude>
    <ClInclude Include="Examples\Ex04_01.h">
      <Filter>Examples</Filter>
    </ClInclude>
    <ClInclude Include="Examples\Ex04_02.h">
      <Filter>Examples</Filter>
    </ClInclude>
    <ClInclude Include="Examples\Ex05_09.h">
      <Filter>Examples</Filter>
    </ClInclude>
    <ClInclude Include="Examples\Ex06_04.h">
      <Filter>Examples</Filter>
    </ClInclude>
    <ClInclude Include="Examples\Ex06_02.h">
      <Filter>Examples</Filter>
    </ClInclude>
    <ClInclude Include="Examples\Ex06_03.h">
      <Filter>Examples</Filter>
    </ClInclude>
    <ClInclude Include="Auxiliary\libtarga.h">
      <Filter>Auxiliary</Filter>
    </ClInclude>
    <ClInclude Include="Auxiliary\vbm.h">
      <Filter>Auxiliary</Filter>
    </ClInclude>
    <ClInclude Include="Auxiliary\vmath.h">
      <Filter>Auxiliary</Filter>
    </ClInclude>
    <ClInclude Include="Auxiliary\vermilion.h">
      <Filter>Auxiliary</Filter>
    </ClInclude>
    <ClInclude Include="Examples\Ex06_10.h">
      <Filter>Examples</Filter>
    </ClInclude>
    <ClInclude Include="Examples\Ex06_14.h">
      <Filter>Examples</Filter>
    </ClInclude>
    <ClInclude Include="Examples\Ex06_16.h">
      <Filter>Examples</Filter>
    </ClInclude>
    <ClInclude Include="Examples\Ex06_mip_filters.h">
      <Filter>Examples</Filter>
    </ClInclude>
    <ClInclude Include="Examples\Ex06_18.h">
      <Filter>Examples</Filter>
    </ClInclude>
    <ClInclude Include="Examples\Ex06_mipmap.h">
      <Filter>Examples</Filter>
    </ClInclude>
    <ClInclude Include="Examples\Ex06_29.h">
      <Filter>Examples</Filter>
    </ClInclude>
    <ClInclude Include="Examples\Ex06_30.h">
      <Filter>Examples</Filter>
    </ClInclude>
    <ClInclude Include="Examples\Ex07_01.h">
      <Filter>Examples</Filter>
    </ClInclude>
    <ClInclude Include="Examples\Ex07_02.h">
      <Filter>Examples</Filter>
    </ClInclude>
    <ClInclude Include="Examples\Ex07_03.h">
      <Filter>Examples</Filter>
    </ClInclude>
    <ClInclude Include="Examples\ExTest.h">
      <Filter>Examples</Filter>
    </ClInclude>
    <ClInclude Include="Examples\Ex07_04.h">
      <Filter>Examples</Filter>
    </ClInclude>
    <ClInclude Include="Examples\Ex07_05.h">
      <Filter>Examples</Filter>
    </ClInclude>
    <ClInclude Include="Examples\Ex07_06.h">
      <Filter>Examples</Filter>
    </ClInclude>
    <ClInclude Include="Examples\Ex07_08.h">
      <Filter>Examples</Filter>
    </ClInclude>
    <ClInclude Include="Examples\Ex07_15.h">
      <Filter>Examples</Filter>
    </ClInclude>
    <ClInclude Include="Examples\Ex08_01.h">
      <Filter>Examples</Filter>
    </ClInclude>
    <ClInclude Include="Examples\Ex08_03.h">
      <Filter>Examples</Filter>
    </ClInclude>
    <ClInclude Include="Examples\Ex08_07.h">
      <Filter>Examples</Filter>
    </ClInclude>
    <ClInclude Include="Examples\Ex08_08.h">
      <Filter>Examples</Filter>
    </ClInclude>
    <ClInclude Include="Examples\Ex08_09.h">
      <Filter>Examples</Filter>
    </ClInclude>
    <ClInclude Include="Examples\Ex08_11.h">
      <Filter>Examples</Filter>
    </ClInclude>
    <ClInclude Include="Examples\Ex08_12.h">
      <Filter>Examples</Filter>
    </ClInclude>
    <ClInclude Include="Examples\Ex08_13.h">
      <Filter>Examples</Filter>
    </ClInclude>
    <ClInclude Include="Examples\Ex08_16.h">
      <Filter>Examples</Filter>
    </ClInclude>
    <ClInclude Include="Examples\Ex08_18.h">
      <Filter>Examples</Filter>
    </ClInclude>
    <ClInclude Include="Examples\Ex08_19.h">
      <Filter>Examples</Filter>
    </ClInclude>
    <ClInclude Include="Examples\Ex08_20.h">
      <Filter>Examples</Filter>
    </ClInclude>
    <ClInclude Include="Examples\Ex08_21.h">
      <Filter>Examples</Filter>
    </ClInclude>
    <ClInclude Include="Examples\Ex09_06.h">
      <Filter>Examples</Filter>
    </ClInclude>
    <ClInclude Include="Examples\Ex09_08.h">
      <Filter>Examples</Filter>
    </ClInclude>
    <ClInclude Include="Shapes\Teapot.h">
      <Filter>Shapes</Filter>
    </ClInclude>
    <ClInclude Include="Examples\Ex10_07.h">
      <Filter>Examples</Filter>
    </ClInclude>
    <ClInclude Include="Examples\Ex07_lights.h">
      <Filter>Examples</Filter>
    </ClInclude>
    <ClInclude Include="Examples\Ex10_15.h">
      <Filter>Examples</Filter>
    </ClInclude>
    <ClInclude Include="Examples\Ex10_21.h">
      <Filter>Examples</Filter>
    </ClInclude>
    <ClInclude Include="Examples\Ex11_04.h">
      <Filter>Examples</Filter>
    </ClInclude>
    <ClInclude Include="Examples\Ex11_29.h">
      <Filter>Examples</Filter>
    </ClInclude>
    <ClInclude Include="Examples\Ex11_21.h">
      <Filter>Examples</Filter>
    </ClInclude>
  </ItemGroup>
  <ItemGroup>
    <None Include="Shaders\primitive_restart.fs.glsl">
      <Filter>Shaders</Filter>
    </None>
    <None Include="Shaders\primitive_restart.vs.glsl">
      <Filter>Shaders</Filter>
    </None>
    <None Include="Shaders\sh02_04.frag">
      <Filter>Shaders</Filter>
    </None>
    <None Include="Shaders\sh02_04.vert">
      <Filter>Shaders</Filter>
    </None>
    <None Include="Shaders\sh03_01.frag">
      <Filter>Shaders</Filter>
    </None>
    <None Include="Shaders\sh03_01.vert">
      <Filter>Shaders</Filter>
    </None>
    <None Include="Shaders\triangles.frag">
      <Filter>Shaders</Filter>
    </None>
    <None Include="Shaders\triangles.vert">
      <Filter>Shaders</Filter>
    </None>
    <None Include="Shaders\sh03_10.frag">
      <Filter>Shaders</Filter>
    </None>
    <None Include="Shaders\sh03_10.vert">
      <Filter>Shaders</Filter>
    </None>
    <None Include="Shaders\sh03_11.frag">
      <Filter>Shaders</Filter>
    </None>
    <None Include="Shaders\sh03_11.vert">
      <Filter>Shaders</Filter>
    </None>
    <None Include="Shaders\sh03_14.frag">
      <Filter>Shaders</Filter>
    </None>
    <None Include="Shaders\sh03_14.vert">
      <Filter>Shaders</Filter>
    </None>
    <None Include="Shaders\pointsprites.fs.glsl">
      <Filter>Shaders</Filter>
    </None>
    <None Include="Shaders\pointsprites.vs.glsl">
      <Filter>Shaders</Filter>
    </None>
    <None Include="Shaders\gouraud.frag">
      <Filter>Shaders</Filter>
    </None>
    <None Include="Shaders\gouraud.vert">
      <Filter>Shaders</Filter>
    </None>
    <None Include="Shaders\sh05_08.frag">
      <Filter>Shaders</Filter>
    </None>
    <None Include="Shaders\sh05_08.vert">
      <Filter>Shaders</Filter>
    </None>
    <None Include="Shaders\sh05_10.frag">
      <Filter>Shaders</Filter>
    </None>
    <None Include="Shaders\sh05_10.vert">
      <Filter>Shaders</Filter>
    </None>
    <None Include="Shaders\sh06_02.frag">
      <Filter>Shaders</Filter>
    </None>
    <None Include="Shaders\sh06_02.vert">
      <Filter>Shaders</Filter>
    </None>
    <None Include="Shaders\sh06_14.frag">
      <Filter>Shaders</Filter>
    </None>
    <None Include="Shaders\sh06_14.vert">
      <Filter>Shaders</Filter>
    </None>
    <None Include="Shaders\sh06_16.frag">
      <Filter>Shaders</Filter>
    </None>
    <None Include="Shaders\sh06_16.vert">
      <Filter>Shaders</Filter>
    </None>
    <None Include="Shaders\object_shader.frag">
      <Filter>Shaders</Filter>
    </None>
    <None Include="Shaders\object_shader.vert">
      <Filter>Shaders</Filter>
    </None>
    <None Include="Shaders\skybox.frag">
      <Filter>Shaders</Filter>
    </None>
    <None Include="Shaders\skybox.vert">
      <Filter>Shaders</Filter>
    </None>
    <None Include="Shaders\mip_filters.frag">
      <Filter>Shaders</Filter>
    </None>
    <None Include="Shaders\mip_filters.vert">
      <Filter>Shaders</Filter>
    </None>
    <None Include="Shaders\pointsprites_sphere.fs.glsl">
      <Filter>Shaders</Filter>
    </None>
    <None Include="Shaders\pointsprites_sphere.vs.glsl">
      <Filter>Shaders</Filter>
    </None>
    <None Include="Shaders\sh07_01.frag">
      <Filter>Shaders</Filter>
    </None>
    <None Include="Shaders\sh07_01.vert">
      <Filter>Shaders</Filter>
    </None>
    <None Include="Shaders\sh07_02.frag">
      <Filter>Shaders</Filter>
    </None>
    <None Include="Shaders\sh07_02.vert">
      <Filter>Shaders</Filter>
    </None>
    <None Include="Shaders\sh07_03.frag">
      <Filter>Shaders</Filter>
    </None>
    <None Include="Shaders\sh07_03.vert">
      <Filter>Shaders</Filter>
    </None>
    <None Include="Shaders\shTest.frag">
      <Filter>Shaders</Filter>
    </None>
    <None Include="Shaders\shTest.vert">
      <Filter>Shaders</Filter>
    </None>
    <None Include="Shaders\sh07_04.frag">
      <Filter>Shaders</Filter>
    </None>
    <None Include="Shaders\sh07_04.vert">
      <Filter>Shaders</Filter>
    </None>
    <None Include="Shaders\sh07_05.frag">
      <Filter>Shaders</Filter>
    </None>
    <None Include="Shaders\sh07_05.vert">
      <Filter>Shaders</Filter>
    </None>
    <None Include="Shaders\sh07_06.frag">
      <Filter>Shaders</Filter>
    </None>
    <None Include="Shaders\sh07_06.vert">
      <Filter>Shaders</Filter>
    </None>
    <None Include="Shaders\sh07_08.frag">
      <Filter>Shaders</Filter>
    </None>
    <None Include="Shaders\sh07_08.vert">
      <Filter>Shaders</Filter>
    </None>
    <None Include="Shaders\shadowmap_scene.fs.glsl">
      <Filter>Shaders</Filter>
    </None>
    <None Include="Shaders\shadowmap_scene.vs.glsl">
      <Filter>Shaders</Filter>
    </None>
    <None Include="Shaders\shadowmap_shadow.fs.glsl">
      <Filter>Shaders</Filter>
    </None>
    <None Include="Shaders\shadowmap_shadow.vs.glsl">
      <Filter>Shaders</Filter>
    </None>
    <None Include="Shaders\sh08_01.frag">
      <Filter>Shaders</Filter>
    </None>
    <None Include="Shaders\sh08_01.vert">
      <Filter>Shaders</Filter>
    </None>
    <None Include="Shaders\sh08_03.frag">
      <Filter>Shaders</Filter>
    </None>
    <None Include="Shaders\sh08_03.vert">
      <Filter>Shaders</Filter>
    </None>
    <None Include="Shaders\sh08_07.frag">
      <Filter>Shaders</Filter>
    </None>
    <None Include="Shaders\sh08_07.vert">
      <Filter>Shaders</Filter>
    </None>
    <None Include="Shaders\sh08_08.frag">
      <Filter>Shaders</Filter>
    </None>
    <None Include="Shaders\sh08_08.vert">
      <Filter>Shaders</Filter>
    </None>
    <None Include="Shaders\sh08_09.frag">
      <Filter>Shaders</Filter>
    </None>
    <None Include="Shaders\sh08_09.vert">
      <Filter>Shaders</Filter>
    </None>
    <None Include="Shaders\sh08_11.frag">
      <Filter>Shaders</Filter>
    </None>
    <None Include="Shaders\sh08_11.vert">
      <Filter>Shaders</Filter>
    </None>
    <None Include="Shaders\sh08_12.frag">
      <Filter>Shaders</Filter>
    </None>
    <None Include="Shaders\sh08_12.vert">
      <Filter>Shaders</Filter>
    </None>
    <None Include="Shaders\sh08_13.frag">
      <Filter>Shaders</Filter>
    </None>
    <None Include="Shaders\sh08_13.vert">
      <Filter>Shaders</Filter>
    </None>
    <None Include="Shaders\sh08_16.frag">
      <Filter>Shaders</Filter>
    </None>
    <None Include="Shaders\sh08_16.vert">
      <Filter>Shaders</Filter>
    </None>
    <None Include="Shaders\sh08_18.frag">
      <Filter>Shaders</Filter>
    </None>
    <None Include="Shaders\sh08_19.frag">
      <Filter>Shaders</Filter>
    </None>
    <None Include="Shaders\sh08_20.frag">
      <Filter>Shaders</Filter>
    </None>
    <None Include="Shaders\sh08_21.frag">
      <Filter>Shaders</Filter>
    </None>
    <None Include="Shaders\simple.cont">
      <Filter>Shaders</Filter>
    </None>
    <None Include="Shaders\simple.eval">
      <Filter>Shaders</Filter>
    </None>
    <None Include="Shaders\simple.frag">
      <Filter>Shaders</Filter>
    </None>
    <None Include="Shaders\simple.vert">
      <Filter>Shaders</Filter>
    </None>
    <None Include="Shaders\teapot.cont">
      <Filter>Shaders</Filter>
    </None>
    <None Include="Shaders\teapot.eval">
      <Filter>Shaders</Filter>
    </None>
    <None Include="Shaders\teapot.frag">
      <Filter>Shaders</Filter>
    </None>
    <None Include="Shaders\teapot.vert">
      <Filter>Shaders</Filter>
    </None>
    <None Include="Shaders\sh07_lights.frag">
      <Filter>Shaders</Filter>
    </None>
    <None Include="Shaders\sh07_lights.vert">
      <Filter>Shaders</Filter>
    </None>
    <None Include="Shaders\sh10_07_base.frag">
      <Filter>Shaders</Filter>
    </None>
    <None Include="Shaders\sh10_07_base.vert">
      <Filter>Shaders</Filter>
    </None>
    <None Include="Shaders\sh10_07_fur.frag">
      <Filter>Shaders</Filter>
    </None>
    <None Include="Shaders\sh10_07_fur.geom">
      <Filter>Shaders</Filter>
    </None>
    <None Include="Shaders\sh10_07_fur.vert">
      <Filter>Shaders</Filter>
    </None>
    <None Include="Shaders\sh10_15_render.frag">
      <Filter>Shaders</Filter>
    </None>
    <None Include="Shaders\sh10_15_render.vert">
      <Filter>Shaders</Filter>
    </None>
    <None Include="Shaders\sh10_15_sort.geom">
      <Filter>Shaders</Filter>
    </None>
    <None Include="Shaders\sh10_15_sort.vert">
      <Filter>Shaders</Filter>
    </None>
    <None Include="Shaders\sh10_21.frag">
      <Filter>Shaders</Filter>
    </None>
    <None Include="Shaders\sh10_21.geom">
      <Filter>Shaders</Filter>
    </None>
    <None Include="Shaders\sh10_21.vert">
      <Filter>Shaders</Filter>
    </None>
    <None Include="Shaders\blit.fs.glsl">
      <Filter>Shaders</Filter>
    </None>
    <None Include="Shaders\blit.vs.glsl">
      <Filter>Shaders</Filter>
    </None>
    <None Include="Shaders\double_write.fs.glsl">
      <Filter>Shaders</Filter>
    </None>
    <None Include="Shaders\double_write.vs.glsl">
      <Filter>Shaders</Filter>
    </None>
    <None Include="Shaders\build_lists.fs.glsl">
      <Filter>Shaders</Filter>
    </None>
    <None Include="Shaders\build_lists.vs.glsl">
      <Filter>Shaders</Filter>
    </None>
    <None Include="Shaders\resolve_lists.fs.glsl">
      <Filter>Shaders</Filter>
    </None>
    <None Include="Shaders\resolve_lists.vs.glsl">
      <Filter>Shaders</Filter>
    </None>
    <None Include="Shaders\overdraw_count.fs.glsl">
      <Filter>Shaders</Filter>
    </None>
    <None Include="Shaders\overdraw_count.vs.glsl">
      <Filter>Shaders</Filter>
    </None>
    <None Include="Shaders\blit11_21.fs.glsl">
      <Filter>Shaders</Filter>
    </None>
    <None Include="Shaders\blit11_21.vs.glsl">
      <Filter>Shaders</Filter>
    </None>
  </ItemGroup>
  <ItemGroup>
    <Filter Include="Shaders">
      <UniqueIdentifier>{f6fbb6ca-6e73-4028-8cac-588a7a211823}</UniqueIdentifier>
    </Filter>
    <Filter Include="Examples">
      <UniqueIdentifier>{83e1c73d-ff99-493c-ba97-20e3cd0bddab}</UniqueIdentifier>
    </Filter>
    <Filter Include="Auxiliary">
      <UniqueIdentifier>{01f1ec12-a041-4c0e-8a53-cc51e02303ae}</UniqueIdentifier>
    </Filter>
    <Filter Include="Shapes">
      <UniqueIdentifier>{bc888092-3a83-43f4-a34a-0909aff23d19}</UniqueIdentifier>
    </Filter>
  </ItemGroup>
</Project>