<?xml version="1.0" encoding="utf-8"?>
<Project ToolsVersion="4.0" xmlns="http://schemas.microsoft.com/developer/msbuild/2003">
  <ItemGroup>
    <Filter Include="Source Files">
      <UniqueIdentifier>{4FC737F1-C7A5-4376-A066-2A32D752A2FF}</UniqueIdentifier>
      <Extensions>cpp;c;cc;cxx;def;odl;idl;hpj;bat;asm;asmx</Extensions>
    </Filter>
    <Filter Include="Header Files">
      <UniqueIdentifier>{93995380-89BD-4b04-88EB-625FBE52EBFB}</UniqueIdentifier>
      <Extensions>h;hpp;hxx;hm;inl;inc;xsd</Extensions>
    </Filter>
    <Filter Include="Resource Files">
      <UniqueIdentifier>{67DA6AB6-F800-4c08-8B7A-83BB121AAD01}</UniqueIdentifier>
      <Extensions>rc;ico;cur;bmp;dlg;rc2;rct;bin;rgs;gif;jpg;jpeg;jpe;resx;tiff;tif;png;wav;mfcribbon-ms</Extensions>
    </Filter>
    <Filter Include="WinApi">
      <UniqueIdentifier>{f399c9a1-1c95-4c02-9c3e-ce1851599287}</UniqueIdentifier>
    </Filter>
    <Filter Include="GL">
      <UniqueIdentifier>{4110f0aa-7e13-4622-9ed6-fd152b6b160e}</UniqueIdentifier>
    </Filter>
    <Filter Include="Examples">
      <UniqueIdentifier>{7cd518a1-620f-40ac-a2c2-0ff3270e8b85}</UniqueIdentifier>
    </Filter>
  </ItemGroup>
  <ItemGroup>
    <ClCompile Include="main.cpp">
      <Filter>Source Files</Filter>
    </ClCompile>
    <ClCompile Include="WinApi\WinParent.cpp">
      <Filter>WinApi</Filter>
    </ClCompile>
    <ClCompile Include="GL\glLoader.c">
      <Filter>GL</Filter>
    </ClCompile>
    <ClCompile Include="WinApi\OGLWindow.cpp">
      <Filter>WinApi</Filter>
    </ClCompile>
    <ClCompile Include="Examples\Ex01.cpp">
      <Filter>Examples</Filter>
    </ClCompile>
    <ClCompile Include="GL\LoadShaders.cpp">
      <Filter>GL</Filter>
    </ClCompile>
    <ClCompile Include="Examples\Ex02_04.cpp">
      <Filter>Examples</Filter>
    </ClCompile>
  </ItemGroup>
  <ItemGroup>
    <ClInclude Include="WinApi\WinParent.h">
      <Filter>WinApi</Filter>
    </ClInclude>
    <ClInclude Include="GL\glcorearb.h">
      <Filter>GL</Filter>
    </ClInclude>
    <ClInclude Include="GL\glLoader.h">
      <Filter>GL</Filter>
    </ClInclude>
    <ClInclude Include="WinApi\OGLWindow.h">
      <Filter>WinApi</Filter>
    </ClInclude>
    <ClInclude Include="Examples\Ex01.h">
      <Filter>Examples</Filter>
    </ClInclude>
    <ClInclude Include="GL\LoadShaders.h">
      <Filter>GL</Filter>
    </ClInclude>
    <ClInclude Include="Examples\Ex02_04.h">
      <Filter>Examples</Filter>
    </ClInclude>
  </ItemGroup>
  <ItemGroup>
    <None Include="Shaders\triangles.frag">
      <Filter>Resource Files</Filter>
    </None>
    <None Include="Shaders\triangles.vert">
      <Filter>Resource Files</Filter>
    </None>
    <None Include="Shaders\sh02_04.frag">
      <Filter>Resource Files</Filter>
    </None>
    <None Include="Shaders\sh02_04.vert">
      <Filter>Resource Files</Filter>
    </None>
  </ItemGroup>
</Project>